
Microsoft Visual Studio Solution File, Format Version 12.00
# Visual Studio Version 16
VisualStudioVersion = 25.0.1706.0
MinimumVisualStudioVersion = 10.0.40219.1
Project("{FAE04EC0-301F-11D3-BF4B-00C04F79EFBC}") = "Lab_6", "Lab_6\Lab_6.csproj", "{69B5BBA6-5DD8-47BF-9069-68F01FEC3AA0}"
EndProject
Global
	GlobalSection(SolutionConfigurationPlatforms) = preSolution
		Debug|Any CPU = Debug|Any CPU
		Release|Any CPU = Release|Any CPU
	EndGlobalSection
	GlobalSection(ProjectConfigurationPlatforms) = postSolution
		{69B5BBA6-5DD8-47BF-9069-68F01FEC3AA0}.Debug|Any CPU.ActiveCfg = Debug|Any CPU
		{69B5BBA6-5DD8-47BF-9069-68F01FEC3AA0}.Debug|Any CPU.Build.0 = Debug|Any CPU
		{69B5BBA6-5DD8-47BF-9069-68F01FEC3AA0}.Release|Any CPU.ActiveCfg = Release|Any CPU
		{69B5BBA6-5DD8-47BF-9069-68F01FEC3AA0}.Release|Any CPU.Build.0 = Release|Any CPU
	EndGlobalSection
	GlobalSection(SolutionProperties) = preSolution
		HideSolutionNode = FALSE
	EndGlobalSection
	GlobalSection(ExtensibilityGlobals) = postSolution
		SolutionGuid = {F08FBEF6-21F7-49E8-AEC3-783BC4D6BA2A}
	EndGlobalSection
EndGlobal
